
Microsoft Visual Studio Solution File, Format Version 12.00
# Visual Studio Version 17
VisualStudioVersion = 17.3.32825.248
MinimumVisualStudioVersion = 10.0.40219.1
Project("{FAE04EC0-301F-11D3-BF4B-00C04F79EFBC}") = "GameFramework", "GameFramework\GameFramework.csproj", "{EA23E445-92CE-4F34-8AAB-8145A51B607E}"
EndProject
Project("{FAE04EC0-301F-11D3-BF4B-00C04F79EFBC}") = "Implementation", "Implementation\Implementation.csproj", "{994B1557-2FE0-48C1-8FAA-057FEDEEF440}"
EndProject
Global
	GlobalSection(SolutionConfigurationPlatforms) = preSolution
		Debug|Any CPU = Debug|Any CPU
		Release|Any CPU = Release|Any CPU
	EndGlobalSection
	GlobalSection(ProjectConfigurationPlatforms) = postSolution
		{EA23E445-92CE-4F34-8AAB-8145A51B607E}.Debug|Any CPU.ActiveCfg = Debug|Any CPU
		{EA23E445-92CE-4F34-8AAB-8145A51B607E}.Debug|Any CPU.Build.0 = Debug|Any CPU
		{EA23E445-92CE-4F34-8AAB-8145A51B607E}.Release|Any CPU.ActiveCfg = Release|Any CPU
		{EA23E445-92CE-4F34-8AAB-8145A51B607E}.Release|Any CPU.Build.0 = Release|Any CPU
		{994B1557-2FE0-48C1-8FAA-057FEDEEF440}.Debug|Any CPU.ActiveCfg = Debug|Any CPU
		{994B1557-2FE0-48C1-8FAA-057FEDEEF440}.Debug|Any CPU.Build.0 = Debug|Any CPU
		{994B1557-2FE0-48C1-8FAA-057FEDEEF440}.Release|Any CPU.ActiveCfg = Release|Any CPU
		{994B1557-2FE0-48C1-8FAA-057FEDEEF440}.Release|Any CPU.Build.0 = Release|Any CPU
	EndGlobalSection
	GlobalSection(SolutionProperties) = preSolution
		HideSolutionNode = FALSE
	EndGlobalSection
	GlobalSection(ExtensibilityGlobals) = postSolution
		SolutionGuid = {2170FF06-55AE-4ADD-8CCC-54A14D602886}
	EndGlobalSection
EndGlobal
